
Microsoft Visual Studio Solution File, Format Version 12.00
# Visual Studio Version 16
VisualStudioVersion = 16.0.32228.343
MinimumVisualStudioVersion = 10.0.40219.1
Project("{FAE04EC0-301F-11D3-BF4B-00C04F79EFBC}") = "ecoOaxacaNuestroArte.Cliente", "ecoOaxacaNuestroArte.Cliente.csproj", "{BD2B2294-5B91-4895-ABDD-40A541F3328D}"
EndProject
Project("{FAE04EC0-301F-11D3-BF4B-00C04F79EFBC}") = "ecommerceArtesanias.ModelsDatos", "..\ecommerceArtesanias.ModelsDatos\ecommerceArtesanias.ModelsDatos.csproj", "{F143FD8B-CC37-4277-8CBA-9161D557779C}"
EndProject
Project("{FAE04EC0-301F-11D3-BF4B-00C04F79EFBC}") = "ecommerceArtesanias.ToolsEntidad", "..\ecommerceArtesanias.ToolsEntidad\ecommerceArtesanias.ToolsEntidad.csproj", "{D349CCB8-FE59-4DD8-9146-D10D952FD0E3}"
EndProject
Project("{FAE04EC0-301F-11D3-BF4B-00C04F79EFBC}") = "ecommerceArtesanias.ViewModels", "..\ecommerceArtesanias.ViewModels\ecommerceArtesanias.ViewModels.csproj", "{E5009186-A202-466B-A153-52EF6175E3DD}"
EndProject
Global
	GlobalSection(SolutionConfigurationPlatforms) = preSolution
		Debug|Any CPU = Debug|Any CPU
		Release|Any CPU = Release|Any CPU
	EndGlobalSection
	GlobalSection(ProjectConfigurationPlatforms) = postSolution
		{BD2B2294-5B91-4895-ABDD-40A541F3328D}.Debug|Any CPU.ActiveCfg = Debug|Any CPU
		{BD2B2294-5B91-4895-ABDD-40A541F3328D}.Debug|Any CPU.Build.0 = Debug|Any CPU
		{BD2B2294-5B91-4895-ABDD-40A541F3328D}.Release|Any CPU.ActiveCfg = Release|Any CPU
		{BD2B2294-5B91-4895-ABDD-40A541F3328D}.Release|Any CPU.Build.0 = Release|Any CPU
		{F143FD8B-CC37-4277-8CBA-9161D557779C}.Debug|Any CPU.ActiveCfg = Debug|Any CPU
		{F143FD8B-CC37-4277-8CBA-9161D557779C}.Debug|Any CPU.Build.0 = Debug|Any CPU
		{F143FD8B-CC37-4277-8CBA-9161D557779C}.Release|Any CPU.ActiveCfg = Release|Any CPU
		{F143FD8B-CC37-4277-8CBA-9161D557779C}.Release|Any CPU.Build.0 = Release|Any CPU
		{D349CCB8-FE59-4DD8-9146-D10D952FD0E3}.Debug|Any CPU.ActiveCfg = Debug|Any CPU
		{D349CCB8-FE59-4DD8-9146-D10D952FD0E3}.Debug|Any CPU.Build.0 = Debug|Any CPU
		{D349CCB8-FE59-4DD8-9146-D10D952FD0E3}.Release|Any CPU.ActiveCfg = Release|Any CPU
		{D349CCB8-FE59-4DD8-9146-D10D952FD0E3}.Release|Any CPU.Build.0 = Release|Any CPU
		{E5009186-A202-466B-A153-52EF6175E3DD}.Debug|Any CPU.ActiveCfg = Debug|Any CPU
		{E5009186-A202-466B-A153-52EF6175E3DD}.Debug|Any CPU.Build.0 = Debug|Any CPU
		{E5009186-A202-466B-A153-52EF6175E3DD}.Release|Any CPU.ActiveCfg = Release|Any CPU
		{E5009186-A202-466B-A153-52EF6175E3DD}.Release|Any CPU.Build.0 = Release|Any CPU
	EndGlobalSection
	GlobalSection(SolutionProperties) = preSolution
		HideSolutionNode = FALSE
	EndGlobalSection
	GlobalSection(ExtensibilityGlobals) = postSolution
		SolutionGuid = {C606C0EB-D381-4BBF-9277-BC29E08E4A10}
	EndGlobalSection
EndGlobal
